
Microsoft Visual Studio Solution File, Format Version 12.00
# Visual Studio Version 16
VisualStudioVersion = 16.0.29728.190
MinimumVisualStudioVersion = 10.0.40219.1
Project("{8BC9CEB8-8B4A-11D0-8D11-00A0C91BC942}") = "rendersystem", "lib\RenderSystem\rendersystem.vcxproj", "{07290C5A-6E60-4C28-BEA7-FFFEA042E5CA}"
EndProject
Project("{8BC9CEB8-8B4A-11D0-8D11-00A0C91BC942}") = "platform", "lib\platform\platform.vcxproj", "{7940AFAE-A1F7-440C-823C-239F2C3BB023}"
EndProject
Project("{8BC9CEB8-8B4A-11D0-8D11-00A0C91BC942}") = "RenderCore_SoftRasterizer", "lib\RenderCore_SoftRasterizer\rendercore_softrasterizer.vcxproj", "{07247B19-33CB-4A06-A828-424ED7BC1796}"
	ProjectSection(ProjectDependencies) = postProject
		{7940AFAE-A1F7-440C-823C-239F2C3BB023} = {7940AFAE-A1F7-440C-823C-239F2C3BB023}
	EndProjectSection
EndProject
Project("{2150E333-8FDC-42A3-9474-1A3956D46DE8}") = "render cores", "render cores", "{24024FCF-C61F-4202-B224-31E446620333}"
EndProject
Project("{8BC9CEB8-8B4A-11D0-8D11-00A0C91BC942}") = "RenderCore_OptixPrime_B", "lib\RenderCore_OptixPrime_B\rendercore_optixprime_b.vcxproj", "{036EBD5B-71EB-4B35-BED5-0EF49753B08E}"
	ProjectSection(ProjectDependencies) = postProject
		{7940AFAE-A1F7-440C-823C-239F2C3BB023} = {7940AFAE-A1F7-440C-823C-239F2C3BB023}
	EndProjectSection
EndProject
Project("{2150E333-8FDC-42A3-9474-1A3956D46DE8}") = "applications", "applications", "{CE339C88-1A68-48FF-B969-D3D1CFED807D}"
EndProject
Project("{8BC9CEB8-8B4A-11D0-8D11-00A0C91BC942}") = "tinyapp", "apps\tinyapp\tinyapp.vcxproj", "{C43D1601-9AC2-41EC-8E90-62166CCD8488}"
	ProjectSection(ProjectDependencies) = postProject
		{4B7E4407-706F-442F-B5D3-FE8EF429F791} = {4B7E4407-706F-442F-B5D3-FE8EF429F791}
		{07247B19-33CB-4A06-A828-424ED7BC1796} = {07247B19-33CB-4A06-A828-424ED7BC1796}
		{FF0D391E-1A93-48B0-A700-650F6BAF2597} = {FF0D391E-1A93-48B0-A700-650F6BAF2597}
		{012E6953-2C4A-487C-A104-FD967B05A428} = {012E6953-2C4A-487C-A104-FD967B05A428}
		{07290C5A-6E60-4C28-BEA7-FFFEA042E5CA} = {07290C5A-6E60-4C28-BEA7-FFFEA042E5CA}
		{036EBD5B-71EB-4B35-BED5-0EF49753B08E} = {036EBD5B-71EB-4B35-BED5-0EF49753B08E}
		{F8317F7E-E606-4EA6-BAC7-ED3A5F33F12C} = {F8317F7E-E606-4EA6-BAC7-ED3A5F33F12C}
		{DD368E93-22AB-4744-8806-DC831994D72F} = {DD368E93-22AB-4744-8806-DC831994D72F}
		{38070796-D9A4-4612-963F-1180D9C4D312} = {38070796-D9A4-4612-963F-1180D9C4D312}
		{5847939C-31F3-4D01-A50B-DAEA03A22EF9} = {5847939C-31F3-4D01-A50B-DAEA03A22EF9}
		{517586AB-4B37-4949-BD7C-70BA26202BAD} = {517586AB-4B37-4949-BD7C-70BA26202BAD}
		{7940AFAE-A1F7-440C-823C-239F2C3BB023} = {7940AFAE-A1F7-440C-823C-239F2C3BB023}
		{1F1C9DD3-DAAE-48EC-9613-1D0EF36C0B21} = {1F1C9DD3-DAAE-48EC-9613-1D0EF36C0B21}
		{0FA8FEF9-6E1C-4153-B169-523B14CBC615} = {0FA8FEF9-6E1C-4153-B169-523B14CBC615}
	EndProjectSection
EndProject
Project("{8BC9CEB8-8B4A-11D0-8D11-00A0C91BC942}") = "RenderCore_Optix7", "lib\RenderCore_Optix7\rendercore_optix7.vcxproj", "{5847939C-31F3-4D01-A50B-DAEA03A22EF9}"
	ProjectSection(ProjectDependencies) = postProject
		{7940AFAE-A1F7-440C-823C-239F2C3BB023} = {7940AFAE-A1F7-440C-823C-239F2C3BB023}
	EndProjectSection
EndProject
Project("{8BC9CEB8-8B4A-11D0-8D11-00A0C91BC942}") = "imguiapp", "apps\imguiapp\imguiapp.vcxproj", "{E2498414-99B6-43B5-A36E-E69273AF5927}"
	ProjectSection(ProjectDependencies) = postProject
		{4B7E4407-706F-442F-B5D3-FE8EF429F791} = {4B7E4407-706F-442F-B5D3-FE8EF429F791}
		{07247B19-33CB-4A06-A828-424ED7BC1796} = {07247B19-33CB-4A06-A828-424ED7BC1796}
		{FF0D391E-1A93-48B0-A700-650F6BAF2597} = {FF0D391E-1A93-48B0-A700-650F6BAF2597}
		{012E6953-2C4A-487C-A104-FD967B05A428} = {012E6953-2C4A-487C-A104-FD967B05A428}
		{07290C5A-6E60-4C28-BEA7-FFFEA042E5CA} = {07290C5A-6E60-4C28-BEA7-FFFEA042E5CA}
		{036EBD5B-71EB-4B35-BED5-0EF49753B08E} = {036EBD5B-71EB-4B35-BED5-0EF49753B08E}
		{F8317F7E-E606-4EA6-BAC7-ED3A5F33F12C} = {F8317F7E-E606-4EA6-BAC7-ED3A5F33F12C}
		{DD368E93-22AB-4744-8806-DC831994D72F} = {DD368E93-22AB-4744-8806-DC831994D72F}
		{38070796-D9A4-4612-963F-1180D9C4D312} = {38070796-D9A4-4612-963F-1180D9C4D312}
		{5847939C-31F3-4D01-A50B-DAEA03A22EF9} = {5847939C-31F3-4D01-A50B-DAEA03A22EF9}
		{517586AB-4B37-4949-BD7C-70BA26202BAD} = {517586AB-4B37-4949-BD7C-70BA26202BAD}
		{7940AFAE-A1F7-440C-823C-239F2C3BB023} = {7940AFAE-A1F7-440C-823C-239F2C3BB023}
		{1F1C9DD3-DAAE-48EC-9613-1D0EF36C0B21} = {1F1C9DD3-DAAE-48EC-9613-1D0EF36C0B21}
		{0FA8FEF9-6E1C-4153-B169-523B14CBC615} = {0FA8FEF9-6E1C-4153-B169-523B14CBC615}
	EndProjectSection
EndProject
Project("{8BC9CEB8-8B4A-11D0-8D11-00A0C91BC942}") = "RenderCore_PrimeRef", "lib\RenderCore_PrimeRef\rendercore_primeref.vcxproj", "{FF0D391E-1A93-48B0-A700-650F6BAF2597}"
	ProjectSection(ProjectDependencies) = postProject
		{7940AFAE-A1F7-440C-823C-239F2C3BB023} = {7940AFAE-A1F7-440C-823C-239F2C3BB023}
	EndProjectSection
EndProject
Project("{8BC9CEB8-8B4A-11D0-8D11-00A0C91BC942}") = "RenderCore_Vulkan_RT", "lib\RenderCore_Vulkan_RT\rendercore_vulkan_rt.vcxproj", "{0FA8FEF9-6E1C-4153-B169-523B14CBC615}"
	ProjectSection(ProjectDependencies) = postProject
		{7940AFAE-A1F7-440C-823C-239F2C3BB023} = {7940AFAE-A1F7-440C-823C-239F2C3BB023}
	EndProjectSection
EndProject
Project("{8BC9CEB8-8B4A-11D0-8D11-00A0C91BC942}") = "RenderCore_Optix7Filter", "lib\RenderCore_Optix7Filter\rendercore_optix7filter.vcxproj", "{38070796-D9A4-4612-963F-1180D9C4D312}"
EndProject
Project("{8BC9CEB8-8B4A-11D0-8D11-00A0C91BC942}") = "RenderCore_OptixPrime_BDPT", "lib\RenderCore_OptixPrime_BDPT\rendercore_optixprime_bdpt.vcxproj", "{012E6953-2C4A-487C-A104-FD967B05A428}"
	ProjectSection(ProjectDependencies) = postProject
		{7940AFAE-A1F7-440C-823C-239F2C3BB023} = {7940AFAE-A1F7-440C-823C-239F2C3BB023}
	EndProjectSection
EndProject
Project("{8BC9CEB8-8B4A-11D0-8D11-00A0C91BC942}") = "RenderCore_Minimal", "lib\RenderCore_Minimal\rendercore_minimal.vcxproj", "{4B7E4407-706F-442F-B5D3-FE8EF429F791}"
	ProjectSection(ProjectDependencies) = postProject
		{7940AFAE-A1F7-440C-823C-239F2C3BB023} = {7940AFAE-A1F7-440C-823C-239F2C3BB023}
	EndProjectSection
EndProject
Project("{8BC9CEB8-8B4A-11D0-8D11-00A0C91BC942}") = "RenderCore_OptixPrime_PBRT", "lib\RenderCore_OptixPrime_PBRT\rendercore_optixprime_pbrt.vcxproj", "{1F1C9DD3-DAAE-48EC-9613-1D0EF36C0B21}"
EndProject
Project("{8BC9CEB8-8B4A-11D0-8D11-00A0C91BC942}") = "pbrtdemoapp", "apps\pbrtdemoapp\pbrtdemoapp.vcxproj", "{2BDEB641-2816-4C4F-8B62-A73C5B275E08}"
	ProjectSection(ProjectDependencies) = postProject
		{4B7E4407-706F-442F-B5D3-FE8EF429F791} = {4B7E4407-706F-442F-B5D3-FE8EF429F791}
		{07247B19-33CB-4A06-A828-424ED7BC1796} = {07247B19-33CB-4A06-A828-424ED7BC1796}
		{FF0D391E-1A93-48B0-A700-650F6BAF2597} = {FF0D391E-1A93-48B0-A700-650F6BAF2597}
		{012E6953-2C4A-487C-A104-FD967B05A428} = {012E6953-2C4A-487C-A104-FD967B05A428}
		{07290C5A-6E60-4C28-BEA7-FFFEA042E5CA} = {07290C5A-6E60-4C28-BEA7-FFFEA042E5CA}
		{036EBD5B-71EB-4B35-BED5-0EF49753B08E} = {036EBD5B-71EB-4B35-BED5-0EF49753B08E}
		{F8317F7E-E606-4EA6-BAC7-ED3A5F33F12C} = {F8317F7E-E606-4EA6-BAC7-ED3A5F33F12C}
		{DD368E93-22AB-4744-8806-DC831994D72F} = {DD368E93-22AB-4744-8806-DC831994D72F}
		{38070796-D9A4-4612-963F-1180D9C4D312} = {38070796-D9A4-4612-963F-1180D9C4D312}
		{5847939C-31F3-4D01-A50B-DAEA03A22EF9} = {5847939C-31F3-4D01-A50B-DAEA03A22EF9}
		{517586AB-4B37-4949-BD7C-70BA26202BAD} = {517586AB-4B37-4949-BD7C-70BA26202BAD}
		{1F1C9DD3-DAAE-48EC-9613-1D0EF36C0B21} = {1F1C9DD3-DAAE-48EC-9613-1D0EF36C0B21}
		{0FA8FEF9-6E1C-4153-B169-523B14CBC615} = {0FA8FEF9-6E1C-4153-B169-523B14CBC615}
	EndProjectSection
EndProject
Project("{8BC9CEB8-8B4A-11D0-8D11-00A0C91BC942}") = "RenderCore_Optix7Guiding", "lib\RenderCore_Optix7Guiding\rendercore_optix7guiding.vcxproj", "{DD368E93-22AB-4744-8806-DC831994D72F}"
EndProject
Project("{8BC9CEB8-8B4A-11D0-8D11-00A0C91BC942}") = "benchmarkapp", "apps\benchmarkapp\benchmarkapp.vcxproj", "{ACCA2F45-A711-4F74-81F9-B664C143C591}"
	ProjectSection(ProjectDependencies) = postProject
		{4B7E4407-706F-442F-B5D3-FE8EF429F791} = {4B7E4407-706F-442F-B5D3-FE8EF429F791}
		{07247B19-33CB-4A06-A828-424ED7BC1796} = {07247B19-33CB-4A06-A828-424ED7BC1796}
		{FF0D391E-1A93-48B0-A700-650F6BAF2597} = {FF0D391E-1A93-48B0-A700-650F6BAF2597}
		{012E6953-2C4A-487C-A104-FD967B05A428} = {012E6953-2C4A-487C-A104-FD967B05A428}
		{07290C5A-6E60-4C28-BEA7-FFFEA042E5CA} = {07290C5A-6E60-4C28-BEA7-FFFEA042E5CA}
		{036EBD5B-71EB-4B35-BED5-0EF49753B08E} = {036EBD5B-71EB-4B35-BED5-0EF49753B08E}
		{F8317F7E-E606-4EA6-BAC7-ED3A5F33F12C} = {F8317F7E-E606-4EA6-BAC7-ED3A5F33F12C}
		{DD368E93-22AB-4744-8806-DC831994D72F} = {DD368E93-22AB-4744-8806-DC831994D72F}
		{38070796-D9A4-4612-963F-1180D9C4D312} = {38070796-D9A4-4612-963F-1180D9C4D312}
		{5847939C-31F3-4D01-A50B-DAEA03A22EF9} = {5847939C-31F3-4D01-A50B-DAEA03A22EF9}
		{517586AB-4B37-4949-BD7C-70BA26202BAD} = {517586AB-4B37-4949-BD7C-70BA26202BAD}
		{7940AFAE-A1F7-440C-823C-239F2C3BB023} = {7940AFAE-A1F7-440C-823C-239F2C3BB023}
		{1F1C9DD3-DAAE-48EC-9613-1D0EF36C0B21} = {1F1C9DD3-DAAE-48EC-9613-1D0EF36C0B21}
		{0FA8FEF9-6E1C-4153-B169-523B14CBC615} = {0FA8FEF9-6E1C-4153-B169-523B14CBC615}
	EndProjectSection
EndProject
Project("{8BC9CEB8-8B4A-11D0-8D11-00A0C91BC942}") = "viewerapp", "apps\viewerapp\viewerapp.vcxproj", "{12B9FE3C-D3CF-4A04-8866-22E65577507D}"
	ProjectSection(ProjectDependencies) = postProject
		{4B7E4407-706F-442F-B5D3-FE8EF429F791} = {4B7E4407-706F-442F-B5D3-FE8EF429F791}
		{07247B19-33CB-4A06-A828-424ED7BC1796} = {07247B19-33CB-4A06-A828-424ED7BC1796}
		{FF0D391E-1A93-48B0-A700-650F6BAF2597} = {FF0D391E-1A93-48B0-A700-650F6BAF2597}
		{012E6953-2C4A-487C-A104-FD967B05A428} = {012E6953-2C4A-487C-A104-FD967B05A428}
		{07290C5A-6E60-4C28-BEA7-FFFEA042E5CA} = {07290C5A-6E60-4C28-BEA7-FFFEA042E5CA}
		{036EBD5B-71EB-4B35-BED5-0EF49753B08E} = {036EBD5B-71EB-4B35-BED5-0EF49753B08E}
		{F8317F7E-E606-4EA6-BAC7-ED3A5F33F12C} = {F8317F7E-E606-4EA6-BAC7-ED3A5F33F12C}
		{DD368E93-22AB-4744-8806-DC831994D72F} = {DD368E93-22AB-4744-8806-DC831994D72F}
		{38070796-D9A4-4612-963F-1180D9C4D312} = {38070796-D9A4-4612-963F-1180D9C4D312}
		{5847939C-31F3-4D01-A50B-DAEA03A22EF9} = {5847939C-31F3-4D01-A50B-DAEA03A22EF9}
		{517586AB-4B37-4949-BD7C-70BA26202BAD} = {517586AB-4B37-4949-BD7C-70BA26202BAD}
		{7940AFAE-A1F7-440C-823C-239F2C3BB023} = {7940AFAE-A1F7-440C-823C-239F2C3BB023}
		{1F1C9DD3-DAAE-48EC-9613-1D0EF36C0B21} = {1F1C9DD3-DAAE-48EC-9613-1D0EF36C0B21}
		{0FA8FEF9-6E1C-4153-B169-523B14CBC615} = {0FA8FEF9-6E1C-4153-B169-523B14CBC615}
	EndProjectSection
EndProject
Project("{8BC9CEB8-8B4A-11D0-8D11-00A0C91BC942}") = "RenderCore_PrimeAdaptive", "lib\RenderCore_PrimeAdaptive\rendercore_primeadaptive.vcxproj", "{F8317F7E-E606-4EA6-BAC7-ED3A5F33F12C}"
EndProject
Project("{8BC9CEB8-8B4A-11D0-8D11-00A0C91BC942}") = "RenderCore_Optix7Adaptive", "lib\RenderCore_Optix7Adaptive\rendercore_optix7adaptive.vcxproj", "{517586AB-4B37-4949-BD7C-70BA26202BAD}"
EndProject
Global
	GlobalSection(SolutionConfigurationPlatforms) = preSolution
		Debug|x64 = Debug|x64
		Debug|x86 = Debug|x86
		Release|x64 = Release|x64
		Release|x86 = Release|x86
	EndGlobalSection
	GlobalSection(ProjectConfigurationPlatforms) = postSolution
		{07290C5A-6E60-4C28-BEA7-FFFEA042E5CA}.Debug|x64.ActiveCfg = Debug|x64
		{07290C5A-6E60-4C28-BEA7-FFFEA042E5CA}.Debug|x64.Build.0 = Debug|x64
		{07290C5A-6E60-4C28-BEA7-FFFEA042E5CA}.Debug|x86.ActiveCfg = Debug|x64
		{07290C5A-6E60-4C28-BEA7-FFFEA042E5CA}.Release|x64.ActiveCfg = Release|x64
		{07290C5A-6E60-4C28-BEA7-FFFEA042E5CA}.Release|x64.Build.0 = Release|x64
		{07290C5A-6E60-4C28-BEA7-FFFEA042E5CA}.Release|x86.ActiveCfg = Release|x64
		{7940AFAE-A1F7-440C-823C-239F2C3BB023}.Debug|x64.ActiveCfg = Debug|x64
		{7940AFAE-A1F7-440C-823C-239F2C3BB023}.Debug|x64.Build.0 = Debug|x64
		{7940AFAE-A1F7-440C-823C-239F2C3BB023}.Debug|x86.ActiveCfg = Debug|x64
		{7940AFAE-A1F7-440C-823C-239F2C3BB023}.Release|x64.ActiveCfg = Release|x64
		{7940AFAE-A1F7-440C-823C-239F2C3BB023}.Release|x64.Build.0 = Release|x64
		{7940AFAE-A1F7-440C-823C-239F2C3BB023}.Release|x86.ActiveCfg = Release|x64
		{07247B19-33CB-4A06-A828-424ED7BC1796}.Debug|x64.ActiveCfg = Debug|x64
		{07247B19-33CB-4A06-A828-424ED7BC1796}.Debug|x64.Build.0 = Debug|x64
		{07247B19-33CB-4A06-A828-424ED7BC1796}.Debug|x86.ActiveCfg = Debug|x64
		{07247B19-33CB-4A06-A828-424ED7BC1796}.Release|x64.ActiveCfg = Release|x64
		{07247B19-33CB-4A06-A828-424ED7BC1796}.Release|x64.Build.0 = Release|x64
		{07247B19-33CB-4A06-A828-424ED7BC1796}.Release|x86.ActiveCfg = Release|x64
		{036EBD5B-71EB-4B35-BED5-0EF49753B08E}.Debug|x64.ActiveCfg = Debug|x64
		{036EBD5B-71EB-4B35-BED5-0EF49753B08E}.Debug|x64.Build.0 = Debug|x64
		{036EBD5B-71EB-4B35-BED5-0EF49753B08E}.Debug|x86.ActiveCfg = Debug|x64
		{036EBD5B-71EB-4B35-BED5-0EF49753B08E}.Release|x64.ActiveCfg = Release|x64
		{036EBD5B-71EB-4B35-BED5-0EF49753B08E}.Release|x64.Build.0 = Release|x64
		{036EBD5B-71EB-4B35-BED5-0EF49753B08E}.Release|x86.ActiveCfg = Release|x64
		{C43D1601-9AC2-41EC-8E90-62166CCD8488}.Debug|x64.ActiveCfg = Debug|x64
		{C43D1601-9AC2-41EC-8E90-62166CCD8488}.Debug|x64.Build.0 = Debug|x64
		{C43D1601-9AC2-41EC-8E90-62166CCD8488}.Debug|x86.ActiveCfg = Debug|x64
		{C43D1601-9AC2-41EC-8E90-62166CCD8488}.Release|x64.ActiveCfg = Release|x64
		{C43D1601-9AC2-41EC-8E90-62166CCD8488}.Release|x64.Build.0 = Release|x64
		{C43D1601-9AC2-41EC-8E90-62166CCD8488}.Release|x86.ActiveCfg = Release|x64
		{5847939C-31F3-4D01-A50B-DAEA03A22EF9}.Debug|x64.ActiveCfg = Debug|x64
		{5847939C-31F3-4D01-A50B-DAEA03A22EF9}.Debug|x64.Build.0 = Debug|x64
		{5847939C-31F3-4D01-A50B-DAEA03A22EF9}.Debug|x86.ActiveCfg = Debug|x64
		{5847939C-31F3-4D01-A50B-DAEA03A22EF9}.Release|x64.ActiveCfg = Release|x64
		{5847939C-31F3-4D01-A50B-DAEA03A22EF9}.Release|x64.Build.0 = Release|x64
		{5847939C-31F3-4D01-A50B-DAEA03A22EF9}.Release|x86.ActiveCfg = Release|x64
		{E2498414-99B6-43B5-A36E-E69273AF5927}.Debug|x64.ActiveCfg = Debug|x64
		{E2498414-99B6-43B5-A36E-E69273AF5927}.Debug|x64.Build.0 = Debug|x64
		{E2498414-99B6-43B5-A36E-E69273AF5927}.Debug|x86.ActiveCfg = Debug|x64
		{E2498414-99B6-43B5-A36E-E69273AF5927}.Release|x64.ActiveCfg = Release|x64
		{E2498414-99B6-43B5-A36E-E69273AF5927}.Release|x64.Build.0 = Release|x64
		{E2498414-99B6-43B5-A36E-E69273AF5927}.Release|x86.ActiveCfg = Release|x64
		{FF0D391E-1A93-48B0-A700-650F6BAF2597}.Debug|x64.ActiveCfg = Debug|x64
		{FF0D391E-1A93-48B0-A700-650F6BAF2597}.Debug|x64.Build.0 = Debug|x64
		{FF0D391E-1A93-48B0-A700-650F6BAF2597}.Debug|x86.ActiveCfg = Debug|x64
		{FF0D391E-1A93-48B0-A700-650F6BAF2597}.Release|x64.ActiveCfg = Release|x64
		{FF0D391E-1A93-48B0-A700-650F6BAF2597}.Release|x64.Build.0 = Release|x64
		{FF0D391E-1A93-48B0-A700-650F6BAF2597}.Release|x86.ActiveCfg = Release|x64
		{0FA8FEF9-6E1C-4153-B169-523B14CBC615}.Debug|x64.ActiveCfg = Debug|x64
		{0FA8FEF9-6E1C-4153-B169-523B14CBC615}.Debug|x64.Build.0 = Debug|x64
		{0FA8FEF9-6E1C-4153-B169-523B14CBC615}.Debug|x86.ActiveCfg = Debug|Win32
		{0FA8FEF9-6E1C-4153-B169-523B14CBC615}.Debug|x86.Build.0 = Debug|Win32
		{0FA8FEF9-6E1C-4153-B169-523B14CBC615}.Release|x64.ActiveCfg = Release|x64
		{0FA8FEF9-6E1C-4153-B169-523B14CBC615}.Release|x64.Build.0 = Release|x64
		{0FA8FEF9-6E1C-4153-B169-523B14CBC615}.Release|x86.ActiveCfg = Release|Win32
		{0FA8FEF9-6E1C-4153-B169-523B14CBC615}.Release|x86.Build.0 = Release|Win32
		{38070796-D9A4-4612-963F-1180D9C4D312}.Debug|x64.ActiveCfg = Debug|x64
		{38070796-D9A4-4612-963F-1180D9C4D312}.Debug|x64.Build.0 = Debug|x64
		{38070796-D9A4-4612-963F-1180D9C4D312}.Debug|x86.ActiveCfg = Debug|x64
		{38070796-D9A4-4612-963F-1180D9C4D312}.Release|x64.ActiveCfg = Release|x64
		{38070796-D9A4-4612-963F-1180D9C4D312}.Release|x64.Build.0 = Release|x64
		{38070796-D9A4-4612-963F-1180D9C4D312}.Release|x86.ActiveCfg = Release|x64
		{012E6953-2C4A-487C-A104-FD967B05A428}.Debug|x64.ActiveCfg = Debug|x64
		{012E6953-2C4A-487C-A104-FD967B05A428}.Debug|x64.Build.0 = Debug|x64
		{012E6953-2C4A-487C-A104-FD967B05A428}.Debug|x86.ActiveCfg = Debug|x64
		{012E6953-2C4A-487C-A104-FD967B05A428}.Release|x64.ActiveCfg = Release|x64
		{012E6953-2C4A-487C-A104-FD967B05A428}.Release|x64.Build.0 = Release|x64
		{012E6953-2C4A-487C-A104-FD967B05A428}.Release|x86.ActiveCfg = Release|x64
		{4B7E4407-706F-442F-B5D3-FE8EF429F791}.Debug|x64.ActiveCfg = Debug|x64
		{4B7E4407-706F-442F-B5D3-FE8EF429F791}.Debug|x64.Build.0 = Debug|x64
		{4B7E4407-706F-442F-B5D3-FE8EF429F791}.Debug|x86.ActiveCfg = Debug|x64
		{4B7E4407-706F-442F-B5D3-FE8EF429F791}.Release|x64.ActiveCfg = Release|x64
		{4B7E4407-706F-442F-B5D3-FE8EF429F791}.Release|x64.Build.0 = Release|x64
		{4B7E4407-706F-442F-B5D3-FE8EF429F791}.Release|x86.ActiveCfg = Release|x64
		{1F1C9DD3-DAAE-48EC-9613-1D0EF36C0B21}.Debug|x64.ActiveCfg = Debug|x64
		{1F1C9DD3-DAAE-48EC-9613-1D0EF36C0B21}.Debug|x64.Build.0 = Debug|x64
		{1F1C9DD3-DAAE-48EC-9613-1D0EF36C0B21}.Debug|x86.ActiveCfg = Debug|x64
		{1F1C9DD3-DAAE-48EC-9613-1D0EF36C0B21}.Release|x64.ActiveCfg = Release|x64
		{1F1C9DD3-DAAE-48EC-9613-1D0EF36C0B21}.Release|x64.Build.0 = Release|x64
		{1F1C9DD3-DAAE-48EC-9613-1D0EF36C0B21}.Release|x86.ActiveCfg = Release|x64
		{2BDEB641-2816-4C4F-8B62-A73C5B275E08}.Debug|x64.ActiveCfg = Debug|x64
		{2BDEB641-2816-4C4F-8B62-A73C5B275E08}.Debug|x64.Build.0 = Debug|x64
		{2BDEB641-2816-4C4F-8B62-A73C5B275E08}.Debug|x86.ActiveCfg = Debug|x64
		{2BDEB641-2816-4C4F-8B62-A73C5B275E08}.Release|x64.ActiveCfg = Release|x64
		{2BDEB641-2816-4C4F-8B62-A73C5B275E08}.Release|x64.Build.0 = Release|x64
		{2BDEB641-2816-4C4F-8B62-A73C5B275E08}.Release|x86.ActiveCfg = Release|x64
		{DD368E93-22AB-4744-8806-DC831994D72F}.Debug|x64.ActiveCfg = Debug|x64
		{DD368E93-22AB-4744-8806-DC831994D72F}.Debug|x64.Build.0 = Debug|x64
		{DD368E93-22AB-4744-8806-DC831994D72F}.Debug|x86.ActiveCfg = Debug|x64
		{DD368E93-22AB-4744-8806-DC831994D72F}.Release|x64.ActiveCfg = Release|x64
		{DD368E93-22AB-4744-8806-DC831994D72F}.Release|x64.Build.0 = Release|x64
		{DD368E93-22AB-4744-8806-DC831994D72F}.Release|x86.ActiveCfg = Release|x64
		{ACCA2F45-A711-4F74-81F9-B664C143C591}.Debug|x64.ActiveCfg = Debug|x64
		{ACCA2F45-A711-4F74-81F9-B664C143C591}.Debug|x64.Build.0 = Debug|x64
		{ACCA2F45-A711-4F74-81F9-B664C143C591}.Debug|x86.ActiveCfg = Debug|x64
		{ACCA2F45-A711-4F74-81F9-B664C143C591}.Release|x64.ActiveCfg = Release|x64
		{ACCA2F45-A711-4F74-81F9-B664C143C591}.Release|x64.Build.0 = Release|x64
		{ACCA2F45-A711-4F74-81F9-B664C143C591}.Release|x86.ActiveCfg = Release|x64
		{12B9FE3C-D3CF-4A04-8866-22E65577507D}.Debug|x64.ActiveCfg = Debug|x64
		{12B9FE3C-D3CF-4A04-8866-22E65577507D}.Debug|x64.Build.0 = Debug|x64
		{12B9FE3C-D3CF-4A04-8866-22E65577507D}.Debug|x86.ActiveCfg = Debug|x64
		{12B9FE3C-D3CF-4A04-8866-22E65577507D}.Release|x64.ActiveCfg = Release|x64
		{12B9FE3C-D3CF-4A04-8866-22E65577507D}.Release|x64.Build.0 = Release|x64
		{12B9FE3C-D3CF-4A04-8866-22E65577507D}.Release|x86.ActiveCfg = Release|x64
		{F8317F7E-E606-4EA6-BAC7-ED3A5F33F12C}.Debug|x64.ActiveCfg = Debug|x64
		{F8317F7E-E606-4EA6-BAC7-ED3A5F33F12C}.Debug|x64.Build.0 = Debug|x64
		{F8317F7E-E606-4EA6-BAC7-ED3A5F33F12C}.Debug|x86.ActiveCfg = Debug|x64
		{F8317F7E-E606-4EA6-BAC7-ED3A5F33F12C}.Release|x64.ActiveCfg = Release|x64
		{F8317F7E-E606-4EA6-BAC7-ED3A5F33F12C}.Release|x64.Build.0 = Release|x64
		{F8317F7E-E606-4EA6-BAC7-ED3A5F33F12C}.Release|x86.ActiveCfg = Release|x64
		{517586AB-4B37-4949-BD7C-70BA26202BAD}.Debug|x64.ActiveCfg = Debug|x64
		{517586AB-4B37-4949-BD7C-70BA26202BAD}.Debug|x64.Build.0 = Debug|x64
		{517586AB-4B37-4949-BD7C-70BA26202BAD}.Debug|x86.ActiveCfg = Debug|x64
		{517586AB-4B37-4949-BD7C-70BA26202BAD}.Release|x64.ActiveCfg = Release|x64
		{517586AB-4B37-4949-BD7C-70BA26202BAD}.Release|x64.Build.0 = Release|x64
		{517586AB-4B37-4949-BD7C-70BA26202BAD}.Release|x86.ActiveCfg = Release|x64
	EndGlobalSection
	GlobalSection(SolutionProperties) = preSolution
		HideSolutionNode = FALSE
	EndGlobalSection
	GlobalSection(NestedProjects) = preSolution
		{07247B19-33CB-4A06-A828-424ED7BC1796} = {24024FCF-C61F-4202-B224-31E446620333}
		{036EBD5B-71EB-4B35-BED5-0EF49753B08E} = {24024FCF-C61F-4202-B224-31E446620333}
		{C43D1601-9AC2-41EC-8E90-62166CCD8488} = {CE339C88-1A68-48FF-B969-D3D1CFED807D}
		{5847939C-31F3-4D01-A50B-DAEA03A22EF9} = {24024FCF-C61F-4202-B224-31E446620333}
		{E2498414-99B6-43B5-A36E-E69273AF5927} = {CE339C88-1A68-48FF-B969-D3D1CFED807D}
		{FF0D391E-1A93-48B0-A700-650F6BAF2597} = {24024FCF-C61F-4202-B224-31E446620333}
		{0FA8FEF9-6E1C-4153-B169-523B14CBC615} = {24024FCF-C61F-4202-B224-31E446620333}
		{38070796-D9A4-4612-963F-1180D9C4D312} = {24024FCF-C61F-4202-B224-31E446620333}
		{012E6953-2C4A-487C-A104-FD967B05A428} = {24024FCF-C61F-4202-B224-31E446620333}
		{4B7E4407-706F-442F-B5D3-FE8EF429F791} = {24024FCF-C61F-4202-B224-31E446620333}
		{1F1C9DD3-DAAE-48EC-9613-1D0EF36C0B21} = {24024FCF-C61F-4202-B224-31E446620333}
		{2BDEB641-2816-4C4F-8B62-A73C5B275E08} = {CE339C88-1A68-48FF-B969-D3D1CFED807D}
		{DD368E93-22AB-4744-8806-DC831994D72F} = {24024FCF-C61F-4202-B224-31E446620333}
		{ACCA2F45-A711-4F74-81F9-B664C143C591} = {CE339C88-1A68-48FF-B969-D3D1CFED807D}
		{12B9FE3C-D3CF-4A04-8866-22E65577507D} = {CE339C88-1A68-48FF-B969-D3D1CFED807D}
		{F8317F7E-E606-4EA6-BAC7-ED3A5F33F12C} = {24024FCF-C61F-4202-B224-31E446620333}
		{517586AB-4B37-4949-BD7C-70BA26202BAD} = {24024FCF-C61F-4202-B224-31E446620333}
	EndGlobalSection
	GlobalSection(ExtensibilityGlobals) = postSolution
		SolutionGuid = {7799D7AC-6A26-44C6-B345-CA1364BA60F1}
	EndGlobalSection
EndGlobal
