<?xml version="1.0" encoding="utf-8"?>
<Project ToolsVersion="4.0" xmlns="http://schemas.microsoft.com/developer/msbuild/2003">
  <ItemGroup>
    <ClCompile Include="core_api.cpp" />
    <ClCompile Include="rendercore.cpp" />
    <ClCompile Include="whitted_ray_tracer.cpp" />
    <ClCompile Include="light.cpp">
      <Filter>engine_objects</Filter>
    </ClCompile>
    <ClCompile Include="ray.cpp">
      <Filter>engine_objects</Filter>
    </ClCompile>
    <ClCompile Include="triangle.cpp">
      <Filter>primitives</Filter>
    </ClCompile>
  </ItemGroup>
  <ItemGroup>
    <ClInclude Include="core_settings.h" />
    <ClInclude Include="rendercore.h" />
    <ClInclude Include="whitted_ray_tracer.h" />
    <ClInclude Include="light.h">
      <Filter>engine_objects</Filter>
    </ClInclude>
    <ClInclude Include="ray.h">
      <Filter>engine_objects</Filter>
    </ClInclude>
    <ClInclude Include="triangle.h">
      <Filter>primitives</Filter>
    </ClInclude>
  </ItemGroup>
  <ItemGroup>
    <Filter Include="engine_objects">
      <UniqueIdentifier>{45496cb3-3a5a-4433-8849-035a8c9096a0}</UniqueIdentifier>
    </Filter>
    <Filter Include="primitives">
      <UniqueIdentifier>{585283cb-96a6-4ae7-a3d7-c96d53931bed}</UniqueIdentifier>
    </Filter>
  </ItemGroup>
</Project>